
Microsoft Visual Studio Solution File, Format Version 12.00
# Visual Studio Version 17
VisualStudioVersion = 17.9.34728.123
MinimumVisualStudioVersion = 10.0.40219.1
Project("{9A19103F-16F7-4668-BE54-9A1E7A4F7556}") = "EstudioFacil.Forms", "EstudioFacil.Forms\EstudioFacil.Forms.csproj", "{A2F68CCA-6F1A-44EA-A5F2-4EED61484856}"
EndProject
Project("{9A19103F-16F7-4668-BE54-9A1E7A4F7556}") = "EstudioFacil.Testes", "EstudioFacil.Testes\EstudioFacil.Testes.csproj", "{227AD2BA-88AE-4171-9DA6-91CBC619172D}"
EndProject
Project("{9A19103F-16F7-4668-BE54-9A1E7A4F7556}") = "EstudioFacil.Dominio", "EstudioFacil.Domino\EstudioFacil.Dominio.csproj", "{25E50395-06FD-4009-9FCE-69EDF38A25F7}"
EndProject
Project("{9A19103F-16F7-4668-BE54-9A1E7A4F7556}") = "EstudioFacil.Infra", "EstudioFacil.Infra\EstudioFacil.Infra.csproj", "{8F06A56B-AF77-4B2D-8FAE-8A8B56CAE7CD}"
EndProject
Project("{9A19103F-16F7-4668-BE54-9A1E7A4F7556}") = "EstudioFacil.Servico", "EstudioFacil.Servico\EstudioFacil.Servico.csproj", "{ADAF73C4-DE87-4A9D-B625-C52C1306D8AB}"
EndProject
Project("{FAE04EC0-301F-11D3-BF4B-00C04F79EFBC}") = "EstudioFacil.Web.React", "EstudioFacil.Web.React\EstudioFacil.Web.React.csproj", "{DA898267-70F9-4165-9167-6714C4C241A7}"
EndProject
Global
	GlobalSection(SolutionConfigurationPlatforms) = preSolution
		Debug|Any CPU = Debug|Any CPU
		Release|Any CPU = Release|Any CPU
	EndGlobalSection
	GlobalSection(ProjectConfigurationPlatforms) = postSolution
		{A2F68CCA-6F1A-44EA-A5F2-4EED61484856}.Debug|Any CPU.ActiveCfg = Debug|Any CPU
		{A2F68CCA-6F1A-44EA-A5F2-4EED61484856}.Debug|Any CPU.Build.0 = Debug|Any CPU
		{A2F68CCA-6F1A-44EA-A5F2-4EED61484856}.Release|Any CPU.ActiveCfg = Release|Any CPU
		{A2F68CCA-6F1A-44EA-A5F2-4EED61484856}.Release|Any CPU.Build.0 = Release|Any CPU
		{227AD2BA-88AE-4171-9DA6-91CBC619172D}.Debug|Any CPU.ActiveCfg = Debug|Any CPU
		{227AD2BA-88AE-4171-9DA6-91CBC619172D}.Debug|Any CPU.Build.0 = Debug|Any CPU
		{227AD2BA-88AE-4171-9DA6-91CBC619172D}.Release|Any CPU.ActiveCfg = Release|Any CPU
		{227AD2BA-88AE-4171-9DA6-91CBC619172D}.Release|Any CPU.Build.0 = Release|Any CPU
		{25E50395-06FD-4009-9FCE-69EDF38A25F7}.Debug|Any CPU.ActiveCfg = Debug|Any CPU
		{25E50395-06FD-4009-9FCE-69EDF38A25F7}.Debug|Any CPU.Build.0 = Debug|Any CPU
		{25E50395-06FD-4009-9FCE-69EDF38A25F7}.Release|Any CPU.ActiveCfg = Release|Any CPU
		{25E50395-06FD-4009-9FCE-69EDF38A25F7}.Release|Any CPU.Build.0 = Release|Any CPU
		{8F06A56B-AF77-4B2D-8FAE-8A8B56CAE7CD}.Debug|Any CPU.ActiveCfg = Debug|Any CPU
		{8F06A56B-AF77-4B2D-8FAE-8A8B56CAE7CD}.Debug|Any CPU.Build.0 = Debug|Any CPU
		{8F06A56B-AF77-4B2D-8FAE-8A8B56CAE7CD}.Release|Any CPU.ActiveCfg = Release|Any CPU
		{8F06A56B-AF77-4B2D-8FAE-8A8B56CAE7CD}.Release|Any CPU.Build.0 = Release|Any CPU
		{ADAF73C4-DE87-4A9D-B625-C52C1306D8AB}.Debug|Any CPU.ActiveCfg = Debug|Any CPU
		{ADAF73C4-DE87-4A9D-B625-C52C1306D8AB}.Debug|Any CPU.Build.0 = Debug|Any CPU
		{ADAF73C4-DE87-4A9D-B625-C52C1306D8AB}.Release|Any CPU.ActiveCfg = Release|Any CPU
		{ADAF73C4-DE87-4A9D-B625-C52C1306D8AB}.Release|Any CPU.Build.0 = Release|Any CPU
		{DA898267-70F9-4165-9167-6714C4C241A7}.Debug|Any CPU.ActiveCfg = Debug|Any CPU
		{DA898267-70F9-4165-9167-6714C4C241A7}.Debug|Any CPU.Build.0 = Debug|Any CPU
		{DA898267-70F9-4165-9167-6714C4C241A7}.Release|Any CPU.ActiveCfg = Release|Any CPU
		{DA898267-70F9-4165-9167-6714C4C241A7}.Release|Any CPU.Build.0 = Release|Any CPU
	EndGlobalSection
	GlobalSection(SolutionProperties) = preSolution
		HideSolutionNode = FALSE
	EndGlobalSection
	GlobalSection(ExtensibilityGlobals) = postSolution
		SolutionGuid = {B33F40D4-8DC6-423F-B738-62D6ACBEC8FC}
	EndGlobalSection
EndGlobal
